
Microsoft Visual Studio Solution File, Format Version 12.00
# Visual Studio Version 17
VisualStudioVersion = 17.1.32210.238
MinimumVisualStudioVersion = 10.0.40219.1
Project("{FAE04EC0-301F-11D3-BF4B-00C04F79EFBC}") = "FGOProtoDecoder", "FGOProtoDecoder.csproj", "{315A5EA3-46D2-4421-B713-FD1AD3408138}"
EndProject
Global
	GlobalSection(SolutionConfigurationPlatforms) = preSolution
		Debug|Any CPU = Debug|Any CPU
		Release|Any CPU = Release|Any CPU
	EndGlobalSection
	GlobalSection(ProjectConfigurationPlatforms) = postSolution
		{315A5EA3-46D2-4421-B713-FD1AD3408138}.Debug|Any CPU.ActiveCfg = Debug|Any CPU
		{315A5EA3-46D2-4421-B713-FD1AD3408138}.Debug|Any CPU.Build.0 = Debug|Any CPU
		{315A5EA3-46D2-4421-B713-FD1AD3408138}.Release|Any CPU.ActiveCfg = Release|Any CPU
		{315A5EA3-46D2-4421-B713-FD1AD3408138}.Release|Any CPU.Build.0 = Release|Any CPU
	EndGlobalSection
	GlobalSection(SolutionProperties) = preSolution
		HideSolutionNode = FALSE
	EndGlobalSection
	GlobalSection(ExtensibilityGlobals) = postSolution
		SolutionGuid = {F6AF3090-3DE4-4877-9C24-F59F2A06B49A}
	EndGlobalSection
EndGlobal
